
Microsoft Visual Studio Solution File, Format Version 12.00
# Visual Studio Version 18
VisualStudioVersion = 18.0.11012.119
MinimumVisualStudioVersion = 10.0.40219.1
Project("{2150E333-8FDC-42A3-9474-1A3956D46DE8}") = "src", "src", "{02EA681E-C7D8-13C7-8484-4AC65E1B71E8}"
	ProjectSection(SolutionItems) = preProject
		docker-compose.yml = docker-compose.yml
	EndProjectSection
EndProject
Project("{2150E333-8FDC-42A3-9474-1A3956D46DE8}") = "tests", "tests", "{74A4A355-1A08-4FAF-9A26-863CD6A7DCB6}"
EndProject
Project("{FAE04EC0-301F-11D3-BF4B-00C04F79EFBC}") = "CashFlow.API", "src\CashFlow.API\CashFlow.API.csproj", "{C3EA4BD2-9A65-4987-B572-9599392B32CD}"
EndProject
Project("{FAE04EC0-301F-11D3-BF4B-00C04F79EFBC}") = "CashFlow.Domain", "src\CashFlow.Domain\CashFlow.Domain.csproj", "{A298550E-1056-4082-985A-881662D861C7}"
EndProject
Project("{FAE04EC0-301F-11D3-BF4B-00C04F79EFBC}") = "CashFlow.Application", "src\CashFlow.Application\CashFlow.Application.csproj", "{9E2F54C0-A831-438A-845D-127B5881F05B}"
EndProject
Project("{FAE04EC0-301F-11D3-BF4B-00C04F79EFBC}") = "CashFlow.Communication", "src\CashFlow.Communication\CashFlow.Communication.csproj", "{875DAE3B-CE18-4BCF-805E-29CCC9BE525B}"
EndProject
Project("{FAE04EC0-301F-11D3-BF4B-00C04F79EFBC}") = "CashFlow.Exception", "src\CashFlow.Exception\CashFlow.Exception.csproj", "{AAFB3AFB-BD03-4DF6-ACEE-13DD0AA17E49}"
EndProject
Project("{FAE04EC0-301F-11D3-BF4B-00C04F79EFBC}") = "CashFlow.Infrastructure", "src\CashFlow.Infrastructure\CashFlow.Infrastructure.csproj", "{06AE2BE6-4533-4BE8-846D-A2D72ACBE50B}"
EndProject
Project("{FAE04EC0-301F-11D3-BF4B-00C04F79EFBC}") = "Validators.Tests", "tests\Validators.Tests\Validators.Tests.csproj", "{1167F5A3-A93A-40B8-BAFC-2F295A726C9B}"
EndProject
Project("{FAE04EC0-301F-11D3-BF4B-00C04F79EFBC}") = "CommonTestUtilities", "tests\CommonTestUtilities\CommonTestUtilities.csproj", "{5353C17F-3891-40DD-B31B-03229EA72CD7}"
EndProject
Global
	GlobalSection(SolutionConfigurationPlatforms) = preSolution
		Debug|Any CPU = Debug|Any CPU
		Release|Any CPU = Release|Any CPU
	EndGlobalSection
	GlobalSection(ProjectConfigurationPlatforms) = postSolution
		{C3EA4BD2-9A65-4987-B572-9599392B32CD}.Debug|Any CPU.ActiveCfg = Debug|Any CPU
		{C3EA4BD2-9A65-4987-B572-9599392B32CD}.Debug|Any CPU.Build.0 = Debug|Any CPU
		{C3EA4BD2-9A65-4987-B572-9599392B32CD}.Release|Any CPU.ActiveCfg = Release|Any CPU
		{C3EA4BD2-9A65-4987-B572-9599392B32CD}.Release|Any CPU.Build.0 = Release|Any CPU
		{A298550E-1056-4082-985A-881662D861C7}.Debug|Any CPU.ActiveCfg = Debug|Any CPU
		{A298550E-1056-4082-985A-881662D861C7}.Debug|Any CPU.Build.0 = Debug|Any CPU
		{A298550E-1056-4082-985A-881662D861C7}.Release|Any CPU.ActiveCfg = Release|Any CPU
		{A298550E-1056-4082-985A-881662D861C7}.Release|Any CPU.Build.0 = Release|Any CPU
		{9E2F54C0-A831-438A-845D-127B5881F05B}.Debug|Any CPU.ActiveCfg = Debug|Any CPU
		{9E2F54C0-A831-438A-845D-127B5881F05B}.Debug|Any CPU.Build.0 = Debug|Any CPU
		{9E2F54C0-A831-438A-845D-127B5881F05B}.Release|Any CPU.ActiveCfg = Release|Any CPU
		{9E2F54C0-A831-438A-845D-127B5881F05B}.Release|Any CPU.Build.0 = Release|Any CPU
		{875DAE3B-CE18-4BCF-805E-29CCC9BE525B}.Debug|Any CPU.ActiveCfg = Debug|Any CPU
		{875DAE3B-CE18-4BCF-805E-29CCC9BE525B}.Debug|Any CPU.Build.0 = Debug|Any CPU
		{875DAE3B-CE18-4BCF-805E-29CCC9BE525B}.Release|Any CPU.ActiveCfg = Release|Any CPU
		{875DAE3B-CE18-4BCF-805E-29CCC9BE525B}.Release|Any CPU.Build.0 = Release|Any CPU
		{AAFB3AFB-BD03-4DF6-ACEE-13DD0AA17E49}.Debug|Any CPU.ActiveCfg = Debug|Any CPU
		{AAFB3AFB-BD03-4DF6-ACEE-13DD0AA17E49}.Debug|Any CPU.Build.0 = Debug|Any CPU
		{AAFB3AFB-BD03-4DF6-ACEE-13DD0AA17E49}.Release|Any CPU.ActiveCfg = Release|Any CPU
		{AAFB3AFB-BD03-4DF6-ACEE-13DD0AA17E49}.Release|Any CPU.Build.0 = Release|Any CPU
		{06AE2BE6-4533-4BE8-846D-A2D72ACBE50B}.Debug|Any CPU.ActiveCfg = Debug|Any CPU
		{06AE2BE6-4533-4BE8-846D-A2D72ACBE50B}.Debug|Any CPU.Build.0 = Debug|Any CPU
		{06AE2BE6-4533-4BE8-846D-A2D72ACBE50B}.Release|Any CPU.ActiveCfg = Release|Any CPU
		{06AE2BE6-4533-4BE8-846D-A2D72ACBE50B}.Release|Any CPU.Build.0 = Release|Any CPU
		{1167F5A3-A93A-40B8-BAFC-2F295A726C9B}.Debug|Any CPU.ActiveCfg = Debug|Any CPU
		{1167F5A3-A93A-40B8-BAFC-2F295A726C9B}.Debug|Any CPU.Build.0 = Debug|Any CPU
		{1167F5A3-A93A-40B8-BAFC-2F295A726C9B}.Release|Any CPU.ActiveCfg = Release|Any CPU
		{1167F5A3-A93A-40B8-BAFC-2F295A726C9B}.Release|Any CPU.Build.0 = Release|Any CPU
		{5353C17F-3891-40DD-B31B-03229EA72CD7}.Debug|Any CPU.ActiveCfg = Debug|Any CPU
		{5353C17F-3891-40DD-B31B-03229EA72CD7}.Debug|Any CPU.Build.0 = Debug|Any CPU
		{5353C17F-3891-40DD-B31B-03229EA72CD7}.Release|Any CPU.ActiveCfg = Release|Any CPU
		{5353C17F-3891-40DD-B31B-03229EA72CD7}.Release|Any CPU.Build.0 = Release|Any CPU
	EndGlobalSection
	GlobalSection(SolutionProperties) = preSolution
		HideSolutionNode = FALSE
	EndGlobalSection
	GlobalSection(NestedProjects) = preSolution
		{C3EA4BD2-9A65-4987-B572-9599392B32CD} = {02EA681E-C7D8-13C7-8484-4AC65E1B71E8}
		{A298550E-1056-4082-985A-881662D861C7} = {02EA681E-C7D8-13C7-8484-4AC65E1B71E8}
		{9E2F54C0-A831-438A-845D-127B5881F05B} = {02EA681E-C7D8-13C7-8484-4AC65E1B71E8}
		{875DAE3B-CE18-4BCF-805E-29CCC9BE525B} = {02EA681E-C7D8-13C7-8484-4AC65E1B71E8}
		{AAFB3AFB-BD03-4DF6-ACEE-13DD0AA17E49} = {02EA681E-C7D8-13C7-8484-4AC65E1B71E8}
		{06AE2BE6-4533-4BE8-846D-A2D72ACBE50B} = {02EA681E-C7D8-13C7-8484-4AC65E1B71E8}
		{1167F5A3-A93A-40B8-BAFC-2F295A726C9B} = {74A4A355-1A08-4FAF-9A26-863CD6A7DCB6}
		{5353C17F-3891-40DD-B31B-03229EA72CD7} = {74A4A355-1A08-4FAF-9A26-863CD6A7DCB6}
	EndGlobalSection
	GlobalSection(ExtensibilityGlobals) = postSolution
		SolutionGuid = {0B7BC418-2AA2-4586-AC97-F77D9656CDD3}
	EndGlobalSection
EndGlobal
